
Microsoft Visual Studio Solution File, Format Version 12.00
# Visual Studio Version 16
VisualStudioVersion = 16.0.30011.22
MinimumVisualStudioVersion = 10.0.40219.1
Project("{2150E333-8FDC-42A3-9474-1A3956D46DE8}") = "src", "src", "{15AD4ADA-787B-4CA4-A332-BA0A09D7C846}"
EndProject
Project("{2150E333-8FDC-42A3-9474-1A3956D46DE8}") = "Common", "Common", "{71A36C1D-2B0C-473F-A616-84CFD53BCC6B}"
EndProject
Project("{2150E333-8FDC-42A3-9474-1A3956D46DE8}") = "Core", "Core", "{9EC32029-15B9-46B6-B1AC-7A0FAF478ACF}"
EndProject
Project("{2150E333-8FDC-42A3-9474-1A3956D46DE8}") = "Infrastructure", "Infrastructure", "{4BA85001-4CD2-4B83-8717-29C6E16581D8}"
EndProject
Project("{2150E333-8FDC-42A3-9474-1A3956D46DE8}") = "Presentation", "Presentation", "{59DE01E3-DFC0-44FF-BCF2-826676F6CE40}"
EndProject
Project("{2150E333-8FDC-42A3-9474-1A3956D46DE8}") = "Persistence", "Persistence", "{17F37A5A-3BEF-4922-B324-4D1E3F0D1C59}"
EndProject
Project("{9A19103F-16F7-4668-BE54-9A1E7A4F7556}") = "Application", "Application\Application.csproj", "{5A983FC8-57C2-4EA2-83A1-ED3BE01BD84F}"
EndProject
Project("{9A19103F-16F7-4668-BE54-9A1E7A4F7556}") = "Domain", "Domain\Domain.csproj", "{1F8D49CE-2F3F-4F67-B2D7-029744231AF2}"
EndProject
Project("{9A19103F-16F7-4668-BE54-9A1E7A4F7556}") = "Infrastructure", "Infrastructure\Infrastructure.csproj", "{F90D208D-599E-4E1E-85BE-15E88BF76185}"
EndProject
Project("{9A19103F-16F7-4668-BE54-9A1E7A4F7556}") = "Persistence", "Persistence\Persistence.csproj", "{1F585698-6861-4051-8F87-AB1F3FBA182A}"
EndProject
Project("{9A19103F-16F7-4668-BE54-9A1E7A4F7556}") = "Common", "Common\Common.csproj", "{C016F8E8-7831-4013-9807-9AED54147892}"
EndProject
Project("{FAE04EC0-301F-11D3-BF4B-00C04F79EFBC}") = "WebUI", "WebUI\WebUI.csproj", "{9BB3D934-9AD6-4F19-AEB4-D10E07280A12}"
EndProject
Global
	GlobalSection(SolutionConfigurationPlatforms) = preSolution
		Debug|Any CPU = Debug|Any CPU
		Release|Any CPU = Release|Any CPU
	EndGlobalSection
	GlobalSection(ProjectConfigurationPlatforms) = postSolution
		{5A983FC8-57C2-4EA2-83A1-ED3BE01BD84F}.Debug|Any CPU.ActiveCfg = Debug|Any CPU
		{5A983FC8-57C2-4EA2-83A1-ED3BE01BD84F}.Debug|Any CPU.Build.0 = Debug|Any CPU
		{5A983FC8-57C2-4EA2-83A1-ED3BE01BD84F}.Release|Any CPU.ActiveCfg = Release|Any CPU
		{5A983FC8-57C2-4EA2-83A1-ED3BE01BD84F}.Release|Any CPU.Build.0 = Release|Any CPU
		{1F8D49CE-2F3F-4F67-B2D7-029744231AF2}.Debug|Any CPU.ActiveCfg = Debug|Any CPU
		{1F8D49CE-2F3F-4F67-B2D7-029744231AF2}.Debug|Any CPU.Build.0 = Debug|Any CPU
		{1F8D49CE-2F3F-4F67-B2D7-029744231AF2}.Release|Any CPU.ActiveCfg = Release|Any CPU
		{1F8D49CE-2F3F-4F67-B2D7-029744231AF2}.Release|Any CPU.Build.0 = Release|Any CPU
		{F90D208D-599E-4E1E-85BE-15E88BF76185}.Debug|Any CPU.ActiveCfg = Debug|Any CPU
		{F90D208D-599E-4E1E-85BE-15E88BF76185}.Debug|Any CPU.Build.0 = Debug|Any CPU
		{F90D208D-599E-4E1E-85BE-15E88BF76185}.Release|Any CPU.ActiveCfg = Release|Any CPU
		{F90D208D-599E-4E1E-85BE-15E88BF76185}.Release|Any CPU.Build.0 = Release|Any CPU
		{1F585698-6861-4051-8F87-AB1F3FBA182A}.Debug|Any CPU.ActiveCfg = Debug|Any CPU
		{1F585698-6861-4051-8F87-AB1F3FBA182A}.Debug|Any CPU.Build.0 = Debug|Any CPU
		{1F585698-6861-4051-8F87-AB1F3FBA182A}.Release|Any CPU.ActiveCfg = Release|Any CPU
		{1F585698-6861-4051-8F87-AB1F3FBA182A}.Release|Any CPU.Build.0 = Release|Any CPU
		{C016F8E8-7831-4013-9807-9AED54147892}.Debug|Any CPU.ActiveCfg = Debug|Any CPU
		{C016F8E8-7831-4013-9807-9AED54147892}.Debug|Any CPU.Build.0 = Debug|Any CPU
		{C016F8E8-7831-4013-9807-9AED54147892}.Release|Any CPU.ActiveCfg = Release|Any CPU
		{C016F8E8-7831-4013-9807-9AED54147892}.Release|Any CPU.Build.0 = Release|Any CPU
		{9BB3D934-9AD6-4F19-AEB4-D10E07280A12}.Debug|Any CPU.ActiveCfg = Debug|Any CPU
		{9BB3D934-9AD6-4F19-AEB4-D10E07280A12}.Debug|Any CPU.Build.0 = Debug|Any CPU
		{9BB3D934-9AD6-4F19-AEB4-D10E07280A12}.Release|Any CPU.ActiveCfg = Release|Any CPU
		{9BB3D934-9AD6-4F19-AEB4-D10E07280A12}.Release|Any CPU.Build.0 = Release|Any CPU
	EndGlobalSection
	GlobalSection(SolutionProperties) = preSolution
		HideSolutionNode = FALSE
	EndGlobalSection
	GlobalSection(NestedProjects) = preSolution
		{71A36C1D-2B0C-473F-A616-84CFD53BCC6B} = {15AD4ADA-787B-4CA4-A332-BA0A09D7C846}
		{9EC32029-15B9-46B6-B1AC-7A0FAF478ACF} = {15AD4ADA-787B-4CA4-A332-BA0A09D7C846}
		{4BA85001-4CD2-4B83-8717-29C6E16581D8} = {15AD4ADA-787B-4CA4-A332-BA0A09D7C846}
		{59DE01E3-DFC0-44FF-BCF2-826676F6CE40} = {15AD4ADA-787B-4CA4-A332-BA0A09D7C846}
		{17F37A5A-3BEF-4922-B324-4D1E3F0D1C59} = {15AD4ADA-787B-4CA4-A332-BA0A09D7C846}
		{5A983FC8-57C2-4EA2-83A1-ED3BE01BD84F} = {9EC32029-15B9-46B6-B1AC-7A0FAF478ACF}
		{1F8D49CE-2F3F-4F67-B2D7-029744231AF2} = {9EC32029-15B9-46B6-B1AC-7A0FAF478ACF}
		{F90D208D-599E-4E1E-85BE-15E88BF76185} = {4BA85001-4CD2-4B83-8717-29C6E16581D8}
		{1F585698-6861-4051-8F87-AB1F3FBA182A} = {17F37A5A-3BEF-4922-B324-4D1E3F0D1C59}
		{C016F8E8-7831-4013-9807-9AED54147892} = {71A36C1D-2B0C-473F-A616-84CFD53BCC6B}
		{9BB3D934-9AD6-4F19-AEB4-D10E07280A12} = {59DE01E3-DFC0-44FF-BCF2-826676F6CE40}
	EndGlobalSection
	GlobalSection(ExtensibilityGlobals) = postSolution
		SolutionGuid = {B421F774-C214-4FE3-9B9C-2EA515E3842C}
	EndGlobalSection
EndGlobal
