
Microsoft Visual Studio Solution File, Format Version 12.00
# Visual Studio Version 16
VisualStudioVersion = 16.0.30011.22
MinimumVisualStudioVersion = 10.0.40219.1
Project("{2150E333-8FDC-42A3-9474-1A3956D46DE8}") = "src", "src", "{15AD4ADA-787B-4CA4-A332-BA0A09D7C846}"
EndProject
Project("{2150E333-8FDC-42A3-9474-1A3956D46DE8}") = "Common", "Common", "{71A36C1D-2B0C-473F-A616-84CFD53BCC6B}"
EndProject
Project("{2150E333-8FDC-42A3-9474-1A3956D46DE8}") = "Infrastructure", "Infrastructure", "{4BA85001-4CD2-4B83-8717-29C6E16581D8}"
EndProject
Project("{2150E333-8FDC-42A3-9474-1A3956D46DE8}") = "Persistence", "Persistence", "{17F37A5A-3BEF-4922-B324-4D1E3F0D1C59}"
EndProject
Project("{2150E333-8FDC-42A3-9474-1A3956D46DE8}") = "Tests", "Tests", "{2C7425F6-3169-4E8A-943A-F42D20984DDE}"
EndProject
Project("{2150E333-8FDC-42A3-9474-1A3956D46DE8}") = "Application", "Application", "{82339413-6635-4691-B04C-DF3D379E7D44}"
EndProject
Project("{2150E333-8FDC-42A3-9474-1A3956D46DE8}") = "Domain", "Domain", "{5FF07B63-665B-4F5B-9FAF-84B80488558F}"
EndProject
Project("{2150E333-8FDC-42A3-9474-1A3956D46DE8}") = "WebUI", "WebUI", "{6022EF09-7FE2-4485-80F7-FCF0A2F3DADE}"
EndProject
Project("{9A19103F-16F7-4668-BE54-9A1E7A4F7556}") = "Application", "Src\Application\Application.csproj", "{8370C2F4-803A-4A0C-9277-72878FA5C40E}"
EndProject
Project("{9A19103F-16F7-4668-BE54-9A1E7A4F7556}") = "Common", "Src\Common\Common.csproj", "{209ECEC7-4DDB-4B93-A4D6-801E4B54E079}"
EndProject
Project("{9A19103F-16F7-4668-BE54-9A1E7A4F7556}") = "Domain", "Src\Domain\Domain.csproj", "{B1073B66-3558-4677-A131-B25697E2A385}"
EndProject
Project("{9A19103F-16F7-4668-BE54-9A1E7A4F7556}") = "Infrastructure", "Src\Infrastructure\Infrastructure.csproj", "{47FFEF22-D1E2-4A24-82FB-8A7AB6B14F12}"
EndProject
Project("{9A19103F-16F7-4668-BE54-9A1E7A4F7556}") = "Persistence", "Src\Persistence\Persistence.csproj", "{0B0B5447-80F1-47EC-91B1-B247E6FEE69C}"
EndProject
Project("{2150E333-8FDC-42A3-9474-1A3956D46DE8}") = "Application.UnitTests", "Application.UnitTests", "{08EC009C-CBF4-4EE1-BC26-EAAA51B6A782}"
EndProject
Project("{2150E333-8FDC-42A3-9474-1A3956D46DE8}") = "Domain.UnitTests", "Domain.UnitTests", "{7672A71D-B19F-4039-86D1-74E0049C7D72}"
EndProject
Project("{2150E333-8FDC-42A3-9474-1A3956D46DE8}") = "Persistence.IntegrationTests", "Persistence.IntegrationTests", "{962A27D6-43DF-40B7-8267-3178184BDA72}"
EndProject
Project("{2150E333-8FDC-42A3-9474-1A3956D46DE8}") = "WebUI.IntegrationTests", "WebUI.IntegrationTests", "{499F87D5-7371-462D-BB0B-3119808362D7}"
EndProject
Project("{9A19103F-16F7-4668-BE54-9A1E7A4F7556}") = "Application.UnitTests", "Tests\Application.UnitTests\Application.UnitTests.csproj", "{B0D559E4-DF4D-447E-98A1-7F25B580C182}"
EndProject
Project("{9A19103F-16F7-4668-BE54-9A1E7A4F7556}") = "Domain.UnitTests", "Tests\Domain.UnitTests\Domain.UnitTests.csproj", "{BD982298-E39F-4A59-8036-436F7C695090}"
EndProject
Project("{9A19103F-16F7-4668-BE54-9A1E7A4F7556}") = "Persistence.IntegrationTests", "Tests\Persistence.IntegrationTests\Persistence.IntegrationTests.csproj", "{AEB1E32E-DDF2-4EE6-889A-D17D0479D120}"
EndProject
Project("{9A19103F-16F7-4668-BE54-9A1E7A4F7556}") = "WebUI.IntegrationTests", "Tests\WebUI.IntegrationTests\WebUI.IntegrationTests.csproj", "{4F7472D1-BA6C-4751-9A43-0407B479FBF0}"
EndProject
Project("{9A19103F-16F7-4668-BE54-9A1E7A4F7556}") = "WebUI", "src\WebUI\WebUI.csproj", "{9E813D47-757B-46F2-B6E4-3FFD8B8FDE73}"
EndProject
Global
	GlobalSection(SolutionConfigurationPlatforms) = preSolution
		Debug|Any CPU = Debug|Any CPU
		Release|Any CPU = Release|Any CPU
	EndGlobalSection
	GlobalSection(ProjectConfigurationPlatforms) = postSolution
		{8370C2F4-803A-4A0C-9277-72878FA5C40E}.Debug|Any CPU.ActiveCfg = Debug|Any CPU
		{8370C2F4-803A-4A0C-9277-72878FA5C40E}.Debug|Any CPU.Build.0 = Debug|Any CPU
		{8370C2F4-803A-4A0C-9277-72878FA5C40E}.Release|Any CPU.ActiveCfg = Release|Any CPU
		{8370C2F4-803A-4A0C-9277-72878FA5C40E}.Release|Any CPU.Build.0 = Release|Any CPU
		{209ECEC7-4DDB-4B93-A4D6-801E4B54E079}.Debug|Any CPU.ActiveCfg = Debug|Any CPU
		{209ECEC7-4DDB-4B93-A4D6-801E4B54E079}.Debug|Any CPU.Build.0 = Debug|Any CPU
		{209ECEC7-4DDB-4B93-A4D6-801E4B54E079}.Release|Any CPU.ActiveCfg = Release|Any CPU
		{209ECEC7-4DDB-4B93-A4D6-801E4B54E079}.Release|Any CPU.Build.0 = Release|Any CPU
		{B1073B66-3558-4677-A131-B25697E2A385}.Debug|Any CPU.ActiveCfg = Debug|Any CPU
		{B1073B66-3558-4677-A131-B25697E2A385}.Debug|Any CPU.Build.0 = Debug|Any CPU
		{B1073B66-3558-4677-A131-B25697E2A385}.Release|Any CPU.ActiveCfg = Release|Any CPU
		{B1073B66-3558-4677-A131-B25697E2A385}.Release|Any CPU.Build.0 = Release|Any CPU
		{47FFEF22-D1E2-4A24-82FB-8A7AB6B14F12}.Debug|Any CPU.ActiveCfg = Debug|Any CPU
		{47FFEF22-D1E2-4A24-82FB-8A7AB6B14F12}.Debug|Any CPU.Build.0 = Debug|Any CPU
		{47FFEF22-D1E2-4A24-82FB-8A7AB6B14F12}.Release|Any CPU.ActiveCfg = Release|Any CPU
		{47FFEF22-D1E2-4A24-82FB-8A7AB6B14F12}.Release|Any CPU.Build.0 = Release|Any CPU
		{0B0B5447-80F1-47EC-91B1-B247E6FEE69C}.Debug|Any CPU.ActiveCfg = Debug|Any CPU
		{0B0B5447-80F1-47EC-91B1-B247E6FEE69C}.Debug|Any CPU.Build.0 = Debug|Any CPU
		{0B0B5447-80F1-47EC-91B1-B247E6FEE69C}.Release|Any CPU.ActiveCfg = Release|Any CPU
		{0B0B5447-80F1-47EC-91B1-B247E6FEE69C}.Release|Any CPU.Build.0 = Release|Any CPU
		{B0D559E4-DF4D-447E-98A1-7F25B580C182}.Debug|Any CPU.ActiveCfg = Debug|Any CPU
		{B0D559E4-DF4D-447E-98A1-7F25B580C182}.Debug|Any CPU.Build.0 = Debug|Any CPU
		{B0D559E4-DF4D-447E-98A1-7F25B580C182}.Release|Any CPU.ActiveCfg = Release|Any CPU
		{B0D559E4-DF4D-447E-98A1-7F25B580C182}.Release|Any CPU.Build.0 = Release|Any CPU
		{BD982298-E39F-4A59-8036-436F7C695090}.Debug|Any CPU.ActiveCfg = Debug|Any CPU
		{BD982298-E39F-4A59-8036-436F7C695090}.Debug|Any CPU.Build.0 = Debug|Any CPU
		{BD982298-E39F-4A59-8036-436F7C695090}.Release|Any CPU.ActiveCfg = Release|Any CPU
		{BD982298-E39F-4A59-8036-436F7C695090}.Release|Any CPU.Build.0 = Release|Any CPU
		{AEB1E32E-DDF2-4EE6-889A-D17D0479D120}.Debug|Any CPU.ActiveCfg = Debug|Any CPU
		{AEB1E32E-DDF2-4EE6-889A-D17D0479D120}.Debug|Any CPU.Build.0 = Debug|Any CPU
		{AEB1E32E-DDF2-4EE6-889A-D17D0479D120}.Release|Any CPU.ActiveCfg = Release|Any CPU
		{AEB1E32E-DDF2-4EE6-889A-D17D0479D120}.Release|Any CPU.Build.0 = Release|Any CPU
		{4F7472D1-BA6C-4751-9A43-0407B479FBF0}.Debug|Any CPU.ActiveCfg = Debug|Any CPU
		{4F7472D1-BA6C-4751-9A43-0407B479FBF0}.Debug|Any CPU.Build.0 = Debug|Any CPU
		{4F7472D1-BA6C-4751-9A43-0407B479FBF0}.Release|Any CPU.ActiveCfg = Release|Any CPU
		{4F7472D1-BA6C-4751-9A43-0407B479FBF0}.Release|Any CPU.Build.0 = Release|Any CPU
		{9E813D47-757B-46F2-B6E4-3FFD8B8FDE73}.Debug|Any CPU.ActiveCfg = Debug|Any CPU
		{9E813D47-757B-46F2-B6E4-3FFD8B8FDE73}.Debug|Any CPU.Build.0 = Debug|Any CPU
		{9E813D47-757B-46F2-B6E4-3FFD8B8FDE73}.Release|Any CPU.ActiveCfg = Release|Any CPU
		{9E813D47-757B-46F2-B6E4-3FFD8B8FDE73}.Release|Any CPU.Build.0 = Release|Any CPU
	EndGlobalSection
	GlobalSection(SolutionProperties) = preSolution
		HideSolutionNode = FALSE
	EndGlobalSection
	GlobalSection(NestedProjects) = preSolution
		{71A36C1D-2B0C-473F-A616-84CFD53BCC6B} = {15AD4ADA-787B-4CA4-A332-BA0A09D7C846}
		{4BA85001-4CD2-4B83-8717-29C6E16581D8} = {15AD4ADA-787B-4CA4-A332-BA0A09D7C846}
		{17F37A5A-3BEF-4922-B324-4D1E3F0D1C59} = {15AD4ADA-787B-4CA4-A332-BA0A09D7C846}
		{82339413-6635-4691-B04C-DF3D379E7D44} = {15AD4ADA-787B-4CA4-A332-BA0A09D7C846}
		{5FF07B63-665B-4F5B-9FAF-84B80488558F} = {15AD4ADA-787B-4CA4-A332-BA0A09D7C846}
		{6022EF09-7FE2-4485-80F7-FCF0A2F3DADE} = {15AD4ADA-787B-4CA4-A332-BA0A09D7C846}
		{8370C2F4-803A-4A0C-9277-72878FA5C40E} = {82339413-6635-4691-B04C-DF3D379E7D44}
		{209ECEC7-4DDB-4B93-A4D6-801E4B54E079} = {71A36C1D-2B0C-473F-A616-84CFD53BCC6B}
		{B1073B66-3558-4677-A131-B25697E2A385} = {5FF07B63-665B-4F5B-9FAF-84B80488558F}
		{47FFEF22-D1E2-4A24-82FB-8A7AB6B14F12} = {4BA85001-4CD2-4B83-8717-29C6E16581D8}
		{0B0B5447-80F1-47EC-91B1-B247E6FEE69C} = {17F37A5A-3BEF-4922-B324-4D1E3F0D1C59}
		{08EC009C-CBF4-4EE1-BC26-EAAA51B6A782} = {2C7425F6-3169-4E8A-943A-F42D20984DDE}
		{7672A71D-B19F-4039-86D1-74E0049C7D72} = {2C7425F6-3169-4E8A-943A-F42D20984DDE}
		{962A27D6-43DF-40B7-8267-3178184BDA72} = {2C7425F6-3169-4E8A-943A-F42D20984DDE}
		{499F87D5-7371-462D-BB0B-3119808362D7} = {2C7425F6-3169-4E8A-943A-F42D20984DDE}
		{B0D559E4-DF4D-447E-98A1-7F25B580C182} = {08EC009C-CBF4-4EE1-BC26-EAAA51B6A782}
		{BD982298-E39F-4A59-8036-436F7C695090} = {7672A71D-B19F-4039-86D1-74E0049C7D72}
		{AEB1E32E-DDF2-4EE6-889A-D17D0479D120} = {962A27D6-43DF-40B7-8267-3178184BDA72}
		{4F7472D1-BA6C-4751-9A43-0407B479FBF0} = {499F87D5-7371-462D-BB0B-3119808362D7}
		{9E813D47-757B-46F2-B6E4-3FFD8B8FDE73} = {6022EF09-7FE2-4485-80F7-FCF0A2F3DADE}
	EndGlobalSection
	GlobalSection(ExtensibilityGlobals) = postSolution
		SolutionGuid = {B421F774-C214-4FE3-9B9C-2EA515E3842C}
	EndGlobalSection
EndGlobal
